Microsoft Visual Studio Solution File, Format Version 11.00
# Visual Studio 2008

Project("{9B94B90E-F5DC-A581-9A9F-7BF18C8162D7}") = "V1.1", "Assembly-CSharp-firstpass-vs.csproj", "{D9024AC3-B591-98E7-CFCC-26B29029A65C}"
EndProject
Project("{9B94B90E-F5DC-A581-9A9F-7BF18C8162D7}") = "V1.1", "Assembly-CSharp-vs.csproj", "{7E9DCBF8-061F-1E44-73DC-98025E19540E}"
EndProject
Project("{9B94B90E-F5DC-A581-9A9F-7BF18C8162D7}") = "V1.1", "Assembly-CSharp-Editor-vs.csproj", "{EAFA6BD3-5664-D8E6-A2A0-FD02851FC934}"
EndProject
Global
	GlobalSection(SolutionConfigurationPlatforms) = preSolution
		Debug|Any CPU = Debug|Any CPU
		Release|Any CPU = Release|Any CPU
	EndGlobalSection
	GlobalSection(ProjectConfigurationPlatforms) = postSolution
		{D9024AC3-B591-98E7-CFCC-26B29029A65C}.Debug|Any CPU.ActiveCfg = Debug|Any CPU
		{D9024AC3-B591-98E7-CFCC-26B29029A65C}.Debug|Any CPU.Build.0 = Debug|Any CPU
		{D9024AC3-B591-98E7-CFCC-26B29029A65C}.Release|Any CPU.ActiveCfg = Release|Any CPU
		{D9024AC3-B591-98E7-CFCC-26B29029A65C}.Release|Any CPU.Build.0 = Release|Any CPU
		{7E9DCBF8-061F-1E44-73DC-98025E19540E}.Debug|Any CPU.ActiveCfg = Debug|Any CPU
		{7E9DCBF8-061F-1E44-73DC-98025E19540E}.Debug|Any CPU.Build.0 = Debug|Any CPU
		{7E9DCBF8-061F-1E44-73DC-98025E19540E}.Release|Any CPU.ActiveCfg = Release|Any CPU
		{7E9DCBF8-061F-1E44-73DC-98025E19540E}.Release|Any CPU.Build.0 = Release|Any CPU
		{EAFA6BD3-5664-D8E6-A2A0-FD02851FC934}.Debug|Any CPU.ActiveCfg = Debug|Any CPU
		{EAFA6BD3-5664-D8E6-A2A0-FD02851FC934}.Debug|Any CPU.Build.0 = Debug|Any CPU
		{EAFA6BD3-5664-D8E6-A2A0-FD02851FC934}.Release|Any CPU.ActiveCfg = Release|Any CPU
		{EAFA6BD3-5664-D8E6-A2A0-FD02851FC934}.Release|Any CPU.Build.0 = Release|Any CPU
	EndGlobalSection
	GlobalSection(SolutionProperties) = preSolution
		HideSolutionNode = FALSE
	EndGlobalSection
																												GlobalSection(MonoDevelopProperties) = preSolution
		StartupItem = Assembly-CSharp.csproj
		Policies = $0
		$0.TextStylePolicy = $1
		$1.inheritsSet = null
		$1.scope = text/x-csharp
		$0.CSharpFormattingPolicy = $2
		$2.inheritsSet = Mono
		$2.inheritsScope = text/x-csharp
		$2.scope = text/x-csharp
		$0.TextStylePolicy = $3
		$3.FileWidth = 120
		$3.TabWidth = 4
		$3.EolMarker = Unix
		$3.inheritsSet = Mono
		$3.inheritsScope = text/plain
		$3.scope = text/plain
	EndGlobalSection

EndGlobal
