Microsoft Visual Studio Solution File, Format Version 11.00
# Visual Studio 2008

Project("{187984A3-48D6-D22D-F475-F50D413913AB}") = "V1.4", "Assembly-CSharp-firstpass.csproj", "{FF822AFA-CE59-B598-7EC8-F12EF43DA549}"
EndProject
Project("{187984A3-48D6-D22D-F475-F50D413913AB}") = "V1.4", "Assembly-CSharp.csproj", "{EDBA69D3-FFDD-87CF-878A-27D896A59C30}"
EndProject
Project("{187984A3-48D6-D22D-F475-F50D413913AB}") = "V1.4", "Assembly-CSharp-Editor.csproj", "{074E6DA3-DBE1-ADE9-CE18-EDDDAF553478}"
EndProject
Project("{187984A3-48D6-D22D-F475-F50D413913AB}") = "V1.4", "Assembly-UnityScript-firstpass.unityproj", "{804B8DB7-2600-E458-D7A2-EA717E320297}"
EndProject
Project("{187984A3-48D6-D22D-F475-F50D413913AB}") = "V1.4", "Assembly-UnityScript-Editor.unityproj", "{C8573DBC-8C76-1298-16D5-0FB1A78ADCBF}"
EndProject
Global
	GlobalSection(SolutionConfigurationPlatforms) = preSolution
		Debug|Any CPU = Debug|Any CPU
		Release|Any CPU = Release|Any CPU
	EndGlobalSection
	GlobalSection(ProjectConfigurationPlatforms) = postSolution
		{FF822AFA-CE59-B598-7EC8-F12EF43DA549}.Debug|Any CPU.ActiveCfg = Debug|Any CPU
		{FF822AFA-CE59-B598-7EC8-F12EF43DA549}.Debug|Any CPU.Build.0 = Debug|Any CPU
		{FF822AFA-CE59-B598-7EC8-F12EF43DA549}.Release|Any CPU.ActiveCfg = Release|Any CPU
		{FF822AFA-CE59-B598-7EC8-F12EF43DA549}.Release|Any CPU.Build.0 = Release|Any CPU
		{EDBA69D3-FFDD-87CF-878A-27D896A59C30}.Debug|Any CPU.ActiveCfg = Debug|Any CPU
		{EDBA69D3-FFDD-87CF-878A-27D896A59C30}.Debug|Any CPU.Build.0 = Debug|Any CPU
		{EDBA69D3-FFDD-87CF-878A-27D896A59C30}.Release|Any CPU.ActiveCfg = Release|Any CPU
		{EDBA69D3-FFDD-87CF-878A-27D896A59C30}.Release|Any CPU.Build.0 = Release|Any CPU
		{074E6DA3-DBE1-ADE9-CE18-EDDDAF553478}.Debug|Any CPU.ActiveCfg = Debug|Any CPU
		{074E6DA3-DBE1-ADE9-CE18-EDDDAF553478}.Debug|Any CPU.Build.0 = Debug|Any CPU
		{074E6DA3-DBE1-ADE9-CE18-EDDDAF553478}.Release|Any CPU.ActiveCfg = Release|Any CPU
		{074E6DA3-DBE1-ADE9-CE18-EDDDAF553478}.Release|Any CPU.Build.0 = Release|Any CPU
		{804B8DB7-2600-E458-D7A2-EA717E320297}.Debug|Any CPU.ActiveCfg = Debug|Any CPU
		{804B8DB7-2600-E458-D7A2-EA717E320297}.Debug|Any CPU.Build.0 = Debug|Any CPU
		{804B8DB7-2600-E458-D7A2-EA717E320297}.Release|Any CPU.ActiveCfg = Release|Any CPU
		{804B8DB7-2600-E458-D7A2-EA717E320297}.Release|Any CPU.Build.0 = Release|Any CPU
		{C8573DBC-8C76-1298-16D5-0FB1A78ADCBF}.Debug|Any CPU.ActiveCfg = Debug|Any CPU
		{C8573DBC-8C76-1298-16D5-0FB1A78ADCBF}.Debug|Any CPU.Build.0 = Debug|Any CPU
		{C8573DBC-8C76-1298-16D5-0FB1A78ADCBF}.Release|Any CPU.ActiveCfg = Release|Any CPU
		{C8573DBC-8C76-1298-16D5-0FB1A78ADCBF}.Release|Any CPU.Build.0 = Release|Any CPU
	EndGlobalSection
	GlobalSection(SolutionProperties) = preSolution
		HideSolutionNode = FALSE
	EndGlobalSection
																																																											GlobalSection(MonoDevelopProperties) = preSolution
		StartupItem = Assembly-CSharp.csproj
		Policies = $0
		$0.TextStylePolicy = $1
		$1.inheritsSet = null
		$1.scope = text/x-csharp
		$0.CSharpFormattingPolicy = $2
		$2.inheritsSet = Mono
		$2.inheritsScope = text/x-csharp
		$2.scope = text/x-csharp
		$0.TextStylePolicy = $3
		$3.FileWidth = 120
		$3.TabWidth = 4
		$3.IndentWidth = 4
		$3.EolMarker = Unix
		$3.inheritsSet = Mono
		$3.inheritsScope = text/plain
		$3.scope = text/plain
	EndGlobalSection

EndGlobal
